// !$*UTF8*$!
{
	archiveVersion = 1;
	classes = {
	};
	objectVersion = 56;
	objects = {

/* Begin PBXBuildFile section */
		70E08FC92B299C8B00ECAA03 /* PopularMoviesApp.swift in Sources */ = {isa = PBXBuildFile; fileRef = 70E08FC82B299C8B00ECAA03 /* PopularMoviesApp.swift */; };
		70E08FCB2B299C8B00ECAA03 /* ContentView.swift in Sources */ = {isa = PBXBuildFile; fileRef = 70E08FCA2B299C8B00ECAA03 /* ContentView.swift */; };
		70E08FCD2B299C8D00ECAA03 /* Assets.xcassets in Resources */ = {isa = PBXBuildFile; fileRef = 70E08FCC2B299C8D00ECAA03 /* Assets.xcassets */; };
		70E08FD02B299C8D00ECAA03 /* Preview Assets.xcassets in Resources */ = {isa = PBXBuildFile; fileRef = 70E08FCF2B299C8D00ECAA03 /* Preview Assets.xcassets */; };
		70E08FDA2B299C8E00ECAA03 /* PopularMoviesTests.swift in Sources */ = {isa = PBXBuildFile; fileRef = 70E08FD92B299C8E00ECAA03 /* PopularMoviesTests.swift */; };
		70E08FE42B299C8E00ECAA03 /* PopularMoviesUITests.swift in Sources */ = {isa = PBXBuildFile; fileRef = 70E08FE32B299C8E00ECAA03 /* PopularMoviesUITests.swift */; };
		70E08FE62B299C8E00ECAA03 /* PopularMoviesUITestsLaunchTests.swift in Sources */ = {isa = PBXBuildFile; fileRef = 70E08FE52B299C8E00ECAA03 /* PopularMoviesUITestsLaunchTests.swift */; };
/* End PBXBuildFile section */

/* Begin PBXContainerItemProxy section */
		70E08FD62B299C8E00ECAA03 /* PBXContainerItemProxy */ = {
			isa = PBXContainerItemProxy;
			containerPortal = 70E08FBD2B299C8B00ECAA03 /* Project object */;
			proxyType = 1;
			remoteGlobalIDString = 70E08FC42B299C8B00ECAA03;
			remoteInfo = PopularMovies;
		};
		70E08FE02B299C8E00ECAA03 /* PBXContainerItemProxy */ = {
			isa = PBXContainerItemProxy;
			containerPortal = 70E08FBD2B299C8B00ECAA03 /* Project object */;
			proxyType = 1;
			remoteGlobalIDString = 70E08FC42B299C8B00ECAA03;
			remoteInfo = PopularMovies;
		};
/* End PBXContainerItemProxy section */

/* Begin PBXFileReference section */
		70E08FC52B299C8B00ECAA03 /* PopularMovies.app */ = {isa = PBXFileReference; explicitFileType = wrapper.application; includeInIndex = 0; path = PopularMovies.app; sourceTree = BUILT_PRODUCTS_DIR; };
		70E08FC82B299C8B00ECAA03 /* PopularMoviesApp.swift */ = {isa = PBXFileReference; lastKnownFileType = sourcecode.swift; path = PopularMoviesApp.swift; sourceTree = "<group>"; };
		70E08FCA2B299C8B00ECAA03 /* ContentView.swift */ = {isa = PBXFileReference; lastKnownFileType = sourcecode.swift; path = ContentView.swift; sourceTree = "<group>"; };
		70E08FCC2B299C8D00ECAA03 /* Assets.xcassets */ = {isa = PBXFileReference; lastKnownFileType = folder.assetcatalog; path = Assets.xcassets; sourceTree = "<group>"; };
		70E08FCF2B299C8D00ECAA03 /* Preview Assets.xcassets */ = {isa = PBXFileReference; lastKnownFileType = folder.assetcatalog; path = "Preview Assets.xcassets"; sourceTree = "<group>"; };
		70E08FD52B299C8E00ECAA03 /* PopularMoviesTests.xctest */ = {isa = PBXFileReference; explicitFileType = wrapper.cfbundle; includeInIndex = 0; path = PopularMoviesTests.xctest; sourceTree = BUILT_PRODUCTS_DIR; };
		70E08FD92B299C8E00ECAA03 /* PopularMoviesTests.swift */ = {isa = PBXFileReference; lastKnownFileType = sourcecode.swift; path = PopularMoviesTests.swift; sourceTree = "<group>"; };
		70E08FDF2B299C8E00ECAA03 /* PopularMoviesUITests.xctest */ = {isa = PBXFileReference; explicitFileType = wrapper.cfbundle; includeInIndex = 0; path = PopularMoviesUITests.xctest; sourceTree = BUILT_PRODUCTS_DIR; };
		70E08FE32B299C8E00ECAA03 /* PopularMoviesUITests.swift */ = {isa = PBXFileReference; lastKnownFileType = sourcecode.swift; path = PopularMoviesUITests.swift; sourceTree = "<group>"; };
		70E08FE52B299C8E00ECAA03 /* PopularMoviesUITestsLaunchTests.swift */ = {isa = PBXFileReference; lastKnownFileType = sourcecode.swift; path = PopularMoviesUITestsLaunchTests.swift; sourceTree = "<group>"; };
/* End PBXFileReference section */

/* Begin PBXFrameworksBuildPhase section */
		70E08FC22B299C8B00ECAA03 /* Frameworks */ = {
			isa = PBXFrameworksBuildPhase;
			buildActionMask = 2147483647;
			files = (
			);
			runOnlyForDeploymentPostprocessing = 0;
		};
		70E08FD22B299C8E00ECAA03 /* Frameworks */ = {
			isa = PBXFrameworksBuildPhase;
			buildActionMask = 2147483647;
			files = (
			);
			runOnlyForDeploymentPostprocessing = 0;
		};
		70E08FDC2B299C8E00ECAA03 /* Frameworks */ = {
			isa = PBXFrameworksBuildPhase;
			buildActionMask = 2147483647;
			files = (
			);
			runOnlyForDeploymentPostprocessing = 0;
		};
/* End PBXFrameworksBuildPhase section */

/* Begin PBXGroup section */
		70E08FBC2B299C8B00ECAA03 = {
			isa = PBXGroup;
			children = (
				70E08FC72B299C8B00ECAA03 /* PopularMovies */,
				70E08FD82B299C8E00ECAA03 /* PopularMoviesTests */,
				70E08FE22B299C8E00ECAA03 /* PopularMoviesUITests */,
				70E08FC62B299C8B00ECAA03 /* Products */,
			);
			sourceTree = "<group>";
		};
		70E08FC62B299C8B00ECAA03 /* Products */ = {
			isa = PBXGroup;
			children = (
				70E08FC52B299C8B00ECAA03 /* PopularMovies.app */,
				70E08FD52B299C8E00ECAA03 /* PopularMoviesTests.xctest */,
				70E08FDF2B299C8E00ECAA03 /* PopularMoviesUITests.xctest */,
			);
			name = Products;
			sourceTree = "<group>";
		};
		70E08FC72B299C8B00ECAA03 /* PopularMovies */ = {
			isa = PBXGroup;
			children = (
				70E08FC82B299C8B00ECAA03 /* PopularMoviesApp.swift */,
				70E08FCA2B299C8B00ECAA03 /* ContentView.swift */,
				70E08FCC2B299C8D00ECAA03 /* Assets.xcassets */,
				70E08FCE2B299C8D00ECAA03 /* Preview Content */,
			);
			path = PopularMovies;
			sourceTree = "<group>";
		};
		70E08FCE2B299C8D00ECAA03 /* Preview Content */ = {
			isa = PBXGroup;
			children = (
				70E08FCF2B299C8D00ECAA03 /* Preview Assets.xcassets */,
			);
			path = "Preview Content";
			sourceTree = "<group>";
		};
		70E08FD82B299C8E00ECAA03 /* PopularMoviesTests */ = {
			isa = PBXGroup;
			children = (
				70E08FD92B299C8E00ECAA03 /* PopularMoviesTests.swift */,
			);
			path = PopularMoviesTests;
			sourceTree = "<group>";
		};
		70E08FE22B299C8E00ECAA03 /* PopularMoviesUITests */ = {
			isa = PBXGroup;
			children = (
				70E08FE32B299C8E00ECAA03 /* PopularMoviesUITests.swift */,
				70E08FE52B299C8E00ECAA03 /* PopularMoviesUITestsLaunchTests.swift */,
			);
			path = PopularMoviesUITests;
			sourceTree = "<group>";
		};
/* End PBXGroup section */

/* Begin PBXNativeTarget section */
		70E08FC42B299C8B00ECAA03 /* PopularMovies */ = {
			isa = PBXNativeTarget;
			buildConfigurationList = 70E08FE92B299C8E00ECAA03 /* Build configuration list for PBXNativeTarget "PopularMovies" */;
			buildPhases = (
				70E08FC12B299C8B00ECAA03 /* Sources */,
				70E08FC22B299C8B00ECAA03 /* Frameworks */,
				70E08FC32B299C8B00ECAA03 /* Resources */,
			);
			buildRules = (
			);
			dependencies = (
			);
			name = PopularMovies;
			productName = PopularMovies;
			productReference = 70E08FC52B299C8B00ECAA03 /* PopularMovies.app */;
			productType = "com.apple.product-type.application";
		};
		70E08FD42B299C8E00ECAA03 /* PopularMoviesTests */ = {
			isa = PBXNativeTarget;
			buildConfigurationList = 70E08FEC2B299C8E00ECAA03 /* Build configuration list for PBXNativeTarget "PopularMoviesTests" */;
			buildPhases = (
				70E08FD12B299C8E00ECAA03 /* Sources */,
				70E08FD22B299C8E00ECAA03 /* Frameworks */,
				70E08FD32B299C8E00ECAA03 /* Resources */,
			);
			buildRules = (
			);
			dependencies = (
				70E08FD72B299C8E00ECAA03 /* PBXTargetDependency */,
			);
			name = PopularMoviesTests;
			productName = PopularMoviesTests;
			productReference = 70E08FD52B299C8E00ECAA03 /* PopularMoviesTests.xctest */;
			productType = "com.apple.product-type.bundle.unit-test";
		};
		70E08FDE2B299C8E00ECAA03 /* PopularMoviesUITests */ = {
			isa = PBXNativeTarget;
			buildConfigurationList = 70E08FEF2B299C8E00ECAA03 /* Build configuration list for PBXNativeTarget "PopularMoviesUITests" */;
			buildPhases = (
				70E08FDB2B299C8E00ECAA03 /* Sources */,
				70E08FDC2B299C8E00ECAA03 /* Frameworks */,
				70E08FDD2B299C8E00ECAA03 /* Resources */,
			);
			buildRules = (
			);
			dependencies = (
				70E08FE12B299C8E00ECAA03 /* PBXTargetDependency */,
			);
			name = PopularMoviesUITests;
			productName = PopularMoviesUITests;
			productReference = 70E08FDF2B299C8E00ECAA03 /* PopularMoviesUITests.xctest */;
			productType = "com.apple.product-type.bundle.ui-testing";
		};
/* End PBXNativeTarget section */

/* Begin PBXProject section */
		70E08FBD2B299C8B00ECAA03 /* Project object */ = {
			isa = PBXProject;
			attributes = {
				BuildIndependentTargetsInParallel = 1;
				LastSwiftUpdateCheck = 1500;
				LastUpgradeCheck = 1500;
				TargetAttributes = {
					70E08FC42B299C8B00ECAA03 = {
						CreatedOnToolsVersion = 15.0.1;
					};
					70E08FD42B299C8E00ECAA03 = {
						CreatedOnToolsVersion = 15.0.1;
						TestTargetID = 70E08FC42B299C8B00ECAA03;
					};
					70E08FDE2B299C8E00ECAA03 = {
						CreatedOnToolsVersion = 15.0.1;
						TestTargetID = 70E08FC42B299C8B00ECAA03;
					};
				};
			};
			buildConfigurationList = 70E08FC02B299C8B00ECAA03 /* Build configuration list for PBXProject "PopularMovies" */;
			compatibilityVersion = "Xcode 14.0";
			developmentRegion = en;
			hasScannedForEncodings = 0;
			knownRegions = (
				en,
				Base,
			);
			mainGroup = 70E08FBC2B299C8B00ECAA03;
			productRefGroup = 70E08FC62B299C8B00ECAA03 /* Products */;
			projectDirPath = "";
			projectRoot = "";
			targets = (
				70E08FC42B299C8B00ECAA03 /* PopularMovies */,
				70E08FD42B299C8E00ECAA03 /* PopularMoviesTests */,
				70E08FDE2B299C8E00ECAA03 /* PopularMoviesUITests */,
			);
		};
/* End PBXProject section */

/* Begin PBXResourcesBuildPhase section */
		70E08FC32B299C8B00ECAA03 /* Resources */ = {
			isa = PBXResourcesBuildPhase;
			buildActionMask = 2147483647;
			files = (
				70E08FD02B299C8D00ECAA03 /* Preview Assets.xcassets in Resources */,
				70E08FCD2B299C8D00ECAA03 /* Assets.xcassets in Resources */,
			);
			runOnlyForDeploymentPostprocessing = 0;
		};
		70E08FD32B299C8E00ECAA03 /* Resources */ = {
			isa = PBXResourcesBuildPhase;
			buildActionMask = 2147483647;
			files = (
			);
			runOnlyForDeploymentPostprocessing = 0;
		};
		70E08FDD2B299C8E00ECAA03 /* Resources */ = {
			isa = PBXResourcesBuildPhase;
			buildActionMask = 2147483647;
			files = (
			);
			runOnlyForDeploymentPostprocessing = 0;
		};
/* End PBXResourcesBuildPhase section */

/* Begin PBXSourcesBuildPhase section */
		70E08FC12B299C8B00ECAA03 /* Sources */ = {
			isa = PBXSourcesBuildPhase;
			buildActionMask = 2147483647;
			files = (
				70E08FCB2B299C8B00ECAA03 /* ContentView.swift in Sources */,
				70E08FC92B299C8B00ECAA03 /* PopularMoviesApp.swift in Sources */,
			);
			runOnlyForDeploymentPostprocessing = 0;
		};
		70E08FD12B299C8E00ECAA03 /* Sources */ = {
			isa = PBXSourcesBuildPhase;
			buildActionMask = 2147483647;
			files = (
				70E08FDA2B299C8E00ECAA03 /* PopularMoviesTests.swift in Sources */,
			);
			runOnlyForDeploymentPostprocessing = 0;
		};
		70E08FDB2B299C8E00ECAA03 /* Sources */ = {
			isa = PBXSourcesBuildPhase;
			buildActionMask = 2147483647;
			files = (
				70E08FE42B299C8E00ECAA03 /* PopularMoviesUITests.swift in Sources */,
				70E08FE62B299C8E00ECAA03 /* PopularMoviesUITestsLaunchTests.swift in Sources */,
			);
			runOnlyForDeploymentPostprocessing = 0;
		};
/* End PBXSourcesBuildPhase section */

/* Begin PBXTargetDependency section */
		70E08FD72B299C8E00ECAA03 /* PBXTargetDependency */ = {
			isa = PBXTargetDependency;
			target = 70E08FC42B299C8B00ECAA03 /* PopularMovies */;
			targetProxy = 70E08FD62B299C8E00ECAA03 /* PBXContainerItemProxy */;
		};
		70E08FE12B299C8E00ECAA03 /* PBXTargetDependency */ = {
			isa = PBXTargetDependency;
			target = 70E08FC42B299C8B00ECAA03 /* PopularMovies */;
			targetProxy = 70E08FE02B299C8E00ECAA03 /* PBXContainerItemProxy */;
		};
/* End PBXTargetDependency section */

/* Begin XCBuildConfiguration section */
		70E08FE72B299C8E00ECAA03 /* Debug */ = {
			isa = XCBuildConfiguration;
			buildSettings = {
				ALWAYS_SEARCH_USER_PATHS = NO;
				ASSETCATALOG_COMPILER_GENERATE_SWIFT_ASSET_SYMBOL_EXTENSIONS = YES;
				CLANG_ANALYZER_NONNULL = YES;
				CLANG_ANALYZER_NUMBER_OBJECT_CONVERSION = YES_AGGRESSIVE;
				CLANG_CXX_LANGUAGE_STANDARD = "gnu++20";
				CLANG_ENABLE_MODULES = YES;
				CLANG_ENABLE_OBJC_ARC = YES;
				CLANG_ENABLE_OBJC_WEAK = YES;
				CLANG_WARN_BLOCK_CAPTURE_AUTORELEASING = YES;
				CLANG_WARN_BOOL_CONVERSION = YES;
				CLANG_WARN_COMMA = YES;
				CLANG_WARN_CONSTANT_CONVERSION = YES;
				CLANG_WARN_DEPRECATED_OBJC_IMPLEMENTATIONS = YES;
				CLANG_WARN_DIRECT_OBJC_ISA_USAGE = YES_ERROR;
				CLANG_WARN_DOCUMENTATION_COMMENTS = YES;
				CLANG_WARN_EMPTY_BODY = YES;
				CLANG_WARN_ENUM_CONVERSION = YES;
				CLANG_WARN_INFINITE_RECURSION = YES;
				CLANG_WARN_INT_CONVERSION = YES;
				CLANG_WARN_NON_LITERAL_NULL_CONVERSION = YES;
				CLANG_WARN_OBJC_IMPLICIT_RETAIN_SELF = YES;
				CLANG_WARN_OBJC_LITERAL_CONVERSION = YES;
				CLANG_WARN_OBJC_ROOT_CLASS = YES_ERROR;
				CLANG_WARN_QUOTED_INCLUDE_IN_FRAMEWORK_HEADER = YES;
				CLANG_WARN_RANGE_LOOP_ANALYSIS = YES;
				CLANG_WARN_STRICT_PROTOTYPES = YES;
				CLANG_WARN_SUSPICIOUS_MOVE = YES;
				CLANG_WARN_UNGUARDED_AVAILABILITY = YES_AGGRESSIVE;
				CLANG_WARN_UNREACHABLE_CODE = YES;
				CLANG_WARN__DUPLICATE_METHOD_MATCH = YES;
				COPY_PHASE_STRIP = NO;
				DEBUG_INFORMATION_FORMAT = dwarf;
				ENABLE_STRICT_OBJC_MSGSEND = YES;
				ENABLE_TESTABILITY = YES;
				ENABLE_USER_SCRIPT_SANDBOXING = YES;
				GCC_C_LANGUAGE_STANDARD = gnu17;
				GCC_DYNAMIC_NO_PIC = NO;
				GCC_NO_COMMON_BLOCKS = YES;
				GCC_OPTIMIZATION_LEVEL = 0;
				GCC_PREPROCESSOR_DEFINITIONS = (
					"DEBUG=1",
					"$(inherited)",
				);
				GCC_WARN_64_TO_32_BIT_CONVERSION = YES;
				GCC_WARN_ABOUT_RETURN_TYPE = YES_ERROR;
				GCC_WARN_UNDECLARED_SELECTOR = YES;
				GCC_WARN_UNINITIALIZED_AUTOS = YES_AGGRESSIVE;
				GCC_WARN_UNUSED_FUNCTION = YES;
				GCC_WARN_UNUSED_VARIABLE = YES;
				IPHONEOS_DEPLOYMENT_TARGET = 17.0;
				LOCALIZATION_PREFERS_STRING_CATALOGS = YES;
				MTL_ENABLE_DEBUG_INFO = INCLUDE_SOURCE;
				MTL_FAST_MATH = YES;
				ONLY_ACTIVE_ARCH = YES;
				SDKROOT = iphoneos;
				SWIFT_ACTIVE_COMPILATION_CONDITIONS = "DEBUG $(inherited)";
				SWIFT_OPTIMIZATION_LEVEL = "-Onone";
			};
			name = Debug;
		};
		70E08FE82B299C8E00ECAA03 /* Release */ = {
			isa = XCBuildConfiguration;
			buildSettings = {
				ALWAYS_SEARCH_USER_PATHS = NO;
				ASSETCATALOG_COMPILER_GENERATE_SWIFT_ASSET_SYMBOL_EXTENSIONS = YES;
				CLANG_ANALYZER_NONNULL = YES;
				CLANG_ANALYZER_NUMBER_OBJECT_CONVERSION = YES_AGGRESSIVE;
				CLANG_CXX_LANGUAGE_STANDARD = "gnu++20";
				CLANG_ENABLE_MODULES = YES;
				CLANG_ENABLE_OBJC_ARC = YES;
				CLANG_ENABLE_OBJC_WEAK = YES;
				CLANG_WARN_BLOCK_CAPTURE_AUTORELEASING = YES;
				CLANG_WARN_BOOL_CONVERSION = YES;
				CLANG_WARN_COMMA = YES;
				CLANG_WARN_CONSTANT_CONVERSION = YES;
				CLANG_WARN_DEPRECATED_OBJC_IMPLEMENTATIONS = YES;
				CLANG_WARN_DIRECT_OBJC_ISA_USAGE = YES_ERROR;
				CLANG_WARN_DOCUMENTATION_COMMENTS = YES;
				CLANG_WARN_EMPTY_BODY = YES;
				CLANG_WARN_ENUM_CONVERSION = YES;
				CLANG_WARN_INFINITE_RECURSION = YES;
				CLANG_WARN_INT_CONVERSION = YES;
				CLANG_WARN_NON_LITERAL_NULL_CONVERSION = YES;
				CLANG_WARN_OBJC_IMPLICIT_RETAIN_SELF = YES;
				CLANG_WARN_OBJC_LITERAL_CONVERSION = YES;
				CLANG_WARN_OBJC_ROOT_CLASS = YES_ERROR;
				CLANG_WARN_QUOTED_INCLUDE_IN_FRAMEWORK_HEADER = YES;
				CLANG_WARN_RANGE_LOOP_ANALYSIS = YES;
				CLANG_WARN_STRICT_PROTOTYPES = YES;
				CLANG_WARN_SUSPICIOUS_MOVE = YES;
				CLANG_WARN_UNGUARDED_AVAILABILITY = YES_AGGRESSIVE;
				CLANG_WARN_UNREACHABLE_CODE = YES;
				CLANG_WARN__DUPLICATE_METHOD_MATCH = YES;
				COPY_PHASE_STRIP = NO;
				DEBUG_INFORMATION_FORMAT = "dwarf-with-dsym";
				ENABLE_NS_ASSERTIONS = NO;
				ENABLE_STRICT_OBJC_MSGSEND = YES;
				ENABLE_USER_SCRIPT_SANDBOXING = YES;
				GCC_C_LANGUAGE_STANDARD = gnu17;
				GCC_NO_COMMON_BLOCKS = YES;
				GCC_WARN_64_TO_32_BIT_CONVERSION = YES;
				GCC_WARN_ABOUT_RETURN_TYPE = YES_ERROR;
				GCC_WARN_UNDECLARED_SELECTOR = YES;
				GCC_WARN_UNINITIALIZED_AUTOS = YES_AGGRESSIVE;
				GCC_WARN_UNUSED_FUNCTION = YES;
				GCC_WARN_UNUSED_VARIABLE = YES;
				IPHONEOS_DEPLOYMENT_TARGET = 17.0;
				LOCALIZATION_PREFERS_STRING_CATALOGS = YES;
				MTL_ENABLE_DEBUG_INFO = NO;
				MTL_FAST_MATH = YES;
				SDKROOT = iphoneos;
				SWIFT_COMPILATION_MODE = wholemodule;
				VALIDATE_PRODUCT = YES;
			};
			name = Release;
		};
		70E08FEA2B299C8E00ECAA03 /* Debug */ = {
			isa = XCBuildConfiguration;
			buildSettings = {
				ASSETCATALOG_COMPILER_APPICON_NAME = AppIcon;
				ASSETCATALOG_COMPILER_GLOBAL_ACCENT_COLOR_NAME = AccentColor;
				CODE_SIGN_STYLE = Automatic;
				CURRENT_PROJECT_VERSION = 1;
				DEVELOPMENT_ASSET_PATHS = "\"PopularMovies/Preview Content\"";
				DEVELOPMENT_TEAM = LZRT4479HA;
				ENABLE_PREVIEWS = YES;
				GENERATE_INFOPLIST_FILE = YES;
				INFOPLIST_KEY_UIApplicationSceneManifest_Generation = YES;
				INFOPLIST_KEY_UIApplicationSupportsIndirectInputEvents = YES;
				INFOPLIST_KEY_UILaunchScreen_Generation = YES;
				INFOPLIST_KEY_UISupportedInterfaceOrientations_iPad = "UIInterfaceOrientationPortrait UIInterfaceOrientationPortraitUpsideDown UIInterfaceOrientationLandscapeLeft UIInterfaceOrientationLandscapeRight";
				INFOPLIST_KEY_UISupportedInterfaceOrientations_iPhone = "UIInterfaceOrientationPortrait UIInterfaceOrientationLandscapeLeft UIInterfaceOrientationLandscapeRight";
				LD_RUNPATH_SEARCH_PATHS = (
					"$(inherited)",
					"@executable_path/Frameworks",
				);
				MARKETING_VERSION = 1.0;
				PRODUCT_BUNDLE_IDENTIFIER = com.popularMovies.app.PopularMovies;
				PRODUCT_NAME = "$(TARGET_NAME)";
				SWIFT_EMIT_LOC_STRINGS = YES;
				SWIFT_VERSION = 5.0;
				TARGETED_DEVICE_FAMILY = "1,2";
			};
			name = Debug;
		};
		70E08FEB2B299C8E00ECAA03 /* Release */ = {
			isa = XCBuildConfiguration;
			buildSettings = {
				ASSETCATALOG_COMPILER_APPICON_NAME = AppIcon;
				ASSETCATALOG_COMPILER_GLOBAL_ACCENT_COLOR_NAME = AccentColor;
				CODE_SIGN_STYLE = Automatic;
				CURRENT_PROJECT_VERSION = 1;
				DEVELOPMENT_ASSET_PATHS = "\"PopularMovies/Preview Content\"";
				DEVELOPMENT_TEAM = LZRT4479HA;
				ENABLE_PREVIEWS = YES;
				GENERATE_INFOPLIST_FILE = YES;
				INFOPLIST_KEY_UIApplicationSceneManifest_Generation = YES;
				INFOPLIST_KEY_UIApplicationSupportsIndirectInputEvents = YES;
				INFOPLIST_KEY_UILaunchScreen_Generation = YES;
				INFOPLIST_KEY_UISupportedInterfaceOrientations_iPad = "UIInterfaceOrientationPortrait UIInterfaceOrientationPortraitUpsideDown UIInterfaceOrientationLandscapeLeft UIInterfaceOrientationLandscapeRight";
				INFOPLIST_KEY_UISupportedInterfaceOrientations_iPhone = "UIInterfaceOrientationPortrait UIInterfaceOrientationLandscapeLeft UIInterfaceOrientationLandscapeRight";
				LD_RUNPATH_SEARCH_PATHS = (
					"$(inherited)",
					"@executable_path/Frameworks",
				);
				MARKETING_VERSION = 1.0;
				PRODUCT_BUNDLE_IDENTIFIER = com.popularMovies.app.PopularMovies;
				PRODUCT_NAME = "$(TARGET_NAME)";
				SWIFT_EMIT_LOC_STRINGS = YES;
				SWIFT_VERSION = 5.0;
				TARGETED_DEVICE_FAMILY = "1,2";
			};
			name = Release;
		};
		70E08FED2B299C8E00ECAA03 /* Debug */ = {
			isa = XCBuildConfiguration;
			buildSettings = {
				ALWAYS_EMBED_SWIFT_STANDARD_LIBRARIES = YES;
				BUNDLE_LOADER = "$(TEST_HOST)";
				CODE_SIGN_STYLE = Automatic;
				CURRENT_PROJECT_VERSION = 1;
				DEVELOPMENT_TEAM = LZRT4479HA;
				GENERATE_INFOPLIST_FILE = YES;
				IPHONEOS_DEPLOYMENT_TARGET = 17.0;
				MARKETING_VERSION = 1.0;
				PRODUCT_BUNDLE_IDENTIFIER = com.popularMovies.app.PopularMoviesTests;
				PRODUCT_NAME = "$(TARGET_NAME)";
				SWIFT_EMIT_LOC_STRINGS = NO;
				SWIFT_VERSION = 5.0;
				TARGETED_DEVICE_FAMILY = "1,2";
				TEST_HOST = "$(BUILT_PRODUCTS_DIR)/PopularMovies.app/$(BUNDLE_EXECUTABLE_FOLDER_PATH)/PopularMovies";
			};
			name = Debug;
		};
		70E08FEE2B299C8E00ECAA03 /* Release */ = {
			isa = XCBuildConfiguration;
			buildSettings = {
				ALWAYS_EMBED_SWIFT_STANDARD_LIBRARIES = YES;
				BUNDLE_LOADER = "$(TEST_HOST)";
				CODE_SIGN_STYLE = Automatic;
				CURRENT_PROJECT_VERSION = 1;
				DEVELOPMENT_TEAM = LZRT4479HA;
				GENERATE_INFOPLIST_FILE = YES;
				IPHONEOS_DEPLOYMENT_TARGET = 17.0;
				MARKETING_VERSION = 1.0;
				PRODUCT_BUNDLE_IDENTIFIER = com.popularMovies.app.PopularMoviesTests;
				PRODUCT_NAME = "$(TARGET_NAME)";
				SWIFT_EMIT_LOC_STRINGS = NO;
				SWIFT_VERSION = 5.0;
				TARGETED_DEVICE_FAMILY = "1,2";
				TEST_HOST = "$(BUILT_PRODUCTS_DIR)/PopularMovies.app/$(BUNDLE_EXECUTABLE_FOLDER_PATH)/PopularMovies";
			};
			name = Release;
		};
		70E08FF02B299C8E00ECAA03 /* Debug */ = {
			isa = XCBuildConfiguration;
			buildSettings = {
				ALWAYS_EMBED_SWIFT_STANDARD_LIBRARIES = YES;
				CODE_SIGN_STYLE = Automatic;
				CURRENT_PROJECT_VERSION = 1;
				DEVELOPMENT_TEAM = LZRT4479HA;
				GENERATE_INFOPLIST_FILE = YES;
				MARKETING_VERSION = 1.0;
				PRODUCT_BUNDLE_IDENTIFIER = com.popularMovies.app.PopularMoviesUITests;
				PRODUCT_NAME = "$(TARGET_NAME)";
				SWIFT_EMIT_LOC_STRINGS = NO;
				SWIFT_VERSION = 5.0;
				TARGETED_DEVICE_FAMILY = "1,2";
				TEST_TARGET_NAME = PopularMovies;
			};
			name = Debug;
		};
		70E08FF12B299C8E00ECAA03 /* Release */ = {
			isa = XCBuildConfiguration;
			buildSettings = {
				ALWAYS_EMBED_SWIFT_STANDARD_LIBRARIES = YES;
				CODE_SIGN_STYLE = Automatic;
				CURRENT_PROJECT_VERSION = 1;
				DEVELOPMENT_TEAM = LZRT4479HA;
				GENERATE_INFOPLIST_FILE = YES;
				MARKETING_VERSION = 1.0;
				PRODUCT_BUNDLE_IDENTIFIER = com.popularMovies.app.PopularMoviesUITests;
				PRODUCT_NAME = "$(TARGET_NAME)";
				SWIFT_EMIT_LOC_STRINGS = NO;
				SWIFT_VERSION = 5.0;
				TARGETED_DEVICE_FAMILY = "1,2";
				TEST_TARGET_NAME = PopularMovies;
			};
			name = Release;
		};
/* End XCBuildConfiguration section */

/* Begin XCConfigurationList section */
		70E08FC02B299C8B00ECAA03 /* Build configuration list for PBXProject "PopularMovies" */ = {
			isa = XCConfigurationList;
			buildConfigurations = (
				70E08FE72B299C8E00ECAA03 /* Debug */,
				70E08FE82B299C8E00ECAA03 /* Release */,
			);
			defaultConfigurationIsVisible = 0;
			defaultConfigurationName = Release;
		};
		70E08FE92B299C8E00ECAA03 /* Build configuration list for PBXNativeTarget "PopularMovies" */ = {
			isa = XCConfigurationList;
			buildConfigurations = (
				70E08FEA2B299C8E00ECAA03 /* Debug */,
				70E08FEB2B299C8E00ECAA03 /* Release */,
			);
			defaultConfigurationIsVisible = 0;
			defaultConfigurationName = Release;
		};
		70E08FEC2B299C8E00ECAA03 /* Build configuration list for PBXNativeTarget "PopularMoviesTests" */ = {
			isa = XCConfigurationList;
			buildConfigurations = (
				70E08FED2B299C8E00ECAA03 /* Debug */,
				70E08FEE2B299C8E00ECAA03 /* Release */,
			);
			defaultConfigurationIsVisible = 0;
			defaultConfigurationName = Release;
		};
		70E08FEF2B299C8E00ECAA03 /* Build configuration list for PBXNativeTarget "PopularMoviesUITests" */ = {
			isa = XCConfigurationList;
			buildConfigurations = (
				70E08FF02B299C8E00ECAA03 /* Debug */,
				70E08FF12B299C8E00ECAA03 /* Release */,
			);
			defaultConfigurationIsVisible = 0;
			defaultConfigurationName = Release;
		};
/* End XCConfigurationList section */
	};
	rootObject = 70E08FBD2B299C8B00ECAA03 /* Project object */;
}
